
Microsoft Visual Studio Solution File, Format Version 12.00
# Visual Studio Version 17
VisualStudioVersion = 17.10.35013.160
MinimumVisualStudioVersion = 10.0.40219.1
Project("{FAE04EC0-301F-11D3-BF4B-00C04F79EFBC}") = "LINE_DotNet_API", "LINE_DotNet_API\LINE_DotNet_API.csproj", "{0DCBD6B6-77EE-4DB2-8717-C4FB905E321F}"
EndProject
Global
	GlobalSection(SolutionConfigurationPlatforms) = preSolution
		Debug|Any CPU = Debug|Any CPU
		Release|Any CPU = Release|Any CPU
	EndGlobalSection
	GlobalSection(ProjectConfigurationPlatforms) = postSolution
		{0DCBD6B6-77EE-4DB2-8717-C4FB905E321F}.Debug|Any CPU.ActiveCfg = Debug|Any CPU
		{0DCBD6B6-77EE-4DB2-8717-C4FB905E321F}.Debug|Any CPU.Build.0 = Debug|Any CPU
		{0DCBD6B6-77EE-4DB2-8717-C4FB905E321F}.Release|Any CPU.ActiveCfg = Release|Any CPU
		{0DCBD6B6-77EE-4DB2-8717-C4FB905E321F}.Release|Any CPU.Build.0 = Release|Any CPU
	EndGlobalSection
	GlobalSection(SolutionProperties) = preSolution
		HideSolutionNode = FALSE
	EndGlobalSection
	GlobalSection(ExtensibilityGlobals) = postSolution
		SolutionGuid = {BF8DC684-7A41-4072-A772-BE5FEA697FEC}
	EndGlobalSection
EndGlobal
